// !$*UTF8*$!
{
	archiveVersion = 1;
	classes = {
	};
	objectVersion = 56;
	objects = {

/* Begin PBXBuildFile section */
		9AE20E912C01A02D0002FDAC /* CalculatorAppApp.swift in Sources */ = {isa = PBXBuildFile; fileRef = 9AE20E902C01A02D0002FDAC /* CalculatorAppApp.swift */; };
		9AE20E932C01A02D0002FDAC /* ContentView.swift in Sources */ = {isa = PBXBuildFile; fileRef = 9AE20E922C01A02D0002FDAC /* ContentView.swift */; };
		9AE20E952C01A02E0002FDAC /* Assets.xcassets in Resources */ = {isa = PBXBuildFile; fileRef = 9AE20E942C01A02E0002FDAC /* Assets.xcassets */; };
		9AE20E982C01A02E0002FDAC /* Preview Assets.xcassets in Resources */ = {isa = PBXBuildFile; fileRef = 9AE20E972C01A02E0002FDAC /* Preview Assets.xcassets */; };
		9AE20EA22C01A02F0002FDAC /* CalculatorAppTests.swift in Sources */ = {isa = PBXBuildFile; fileRef = 9AE20EA12C01A02F0002FDAC /* CalculatorAppTests.swift */; };
		9AE20EAC2C01A02F0002FDAC /* CalculatorAppUITests.swift in Sources */ = {isa = PBXBuildFile; fileRef = 9AE20EAB2C01A02F0002FDAC /* CalculatorAppUITests.swift */; };
		9AE20EAE2C01A02F0002FDAC /* CalculatorAppUITestsLaunchTests.swift in Sources */ = {isa = PBXBuildFile; fileRef = 9AE20EAD2C01A02F0002FDAC /* CalculatorAppUITestsLaunchTests.swift */; };
/* End PBXBuildFile section */

/* Begin PBXContainerItemProxy section */
		9AE20E9E2C01A02F0002FDAC /* PBXContainerItemProxy */ = {
			isa = PBXContainerItemProxy;
			containerPortal = 9AE20E852C01A02D0002FDAC /* Project object */;
			proxyType = 1;
			remoteGlobalIDString = 9AE20E8C2C01A02D0002FDAC;
			remoteInfo = CalculatorApp;
		};
		9AE20EA82C01A02F0002FDAC /* PBXContainerItemProxy */ = {
			isa = PBXContainerItemProxy;
			containerPortal = 9AE20E852C01A02D0002FDAC /* Project object */;
			proxyType = 1;
			remoteGlobalIDString = 9AE20E8C2C01A02D0002FDAC;
			remoteInfo = CalculatorApp;
		};
/* End PBXContainerItemProxy section */

/* Begin PBXFileReference section */
		9AE20E8D2C01A02D0002FDAC /* CalculatorApp.app */ = {isa = PBXFileReference; explicitFileType = wrapper.application; includeInIndex = 0; path = CalculatorApp.app; sourceTree = BUILT_PRODUCTS_DIR; };
		9AE20E902C01A02D0002FDAC /* CalculatorAppApp.swift */ = {isa = PBXFileReference; lastKnownFileType = sourcecode.swift; path = CalculatorAppApp.swift; sourceTree = "<group>"; };
		9AE20E922C01A02D0002FDAC /* ContentView.swift */ = {isa = PBXFileReference; lastKnownFileType = sourcecode.swift; path = ContentView.swift; sourceTree = "<group>"; };
		9AE20E942C01A02E0002FDAC /* Assets.xcassets */ = {isa = PBXFileReference; lastKnownFileType = folder.assetcatalog; path = Assets.xcassets; sourceTree = "<group>"; };
		9AE20E972C01A02E0002FDAC /* Preview Assets.xcassets */ = {isa = PBXFileReference; lastKnownFileType = folder.assetcatalog; path = "Preview Assets.xcassets"; sourceTree = "<group>"; };
		9AE20E9D2C01A02F0002FDAC /* CalculatorAppTests.xctest */ = {isa = PBXFileReference; explicitFileType = wrapper.cfbundle; includeInIndex = 0; path = CalculatorAppTests.xctest; sourceTree = BUILT_PRODUCTS_DIR; };
		9AE20EA12C01A02F0002FDAC /* CalculatorAppTests.swift */ = {isa = PBXFileReference; lastKnownFileType = sourcecode.swift; path = CalculatorAppTests.swift; sourceTree = "<group>"; };
		9AE20EA72C01A02F0002FDAC /* CalculatorAppUITests.xctest */ = {isa = PBXFileReference; explicitFileType = wrapper.cfbundle; includeInIndex = 0; path = CalculatorAppUITests.xctest; sourceTree = BUILT_PRODUCTS_DIR; };
		9AE20EAB2C01A02F0002FDAC /* CalculatorAppUITests.swift */ = {isa = PBXFileReference; lastKnownFileType = sourcecode.swift; path = CalculatorAppUITests.swift; sourceTree = "<group>"; };
		9AE20EAD2C01A02F0002FDAC /* CalculatorAppUITestsLaunchTests.swift */ = {isa = PBXFileReference; lastKnownFileType = sourcecode.swift; path = CalculatorAppUITestsLaunchTests.swift; sourceTree = "<group>"; };
/* End PBXFileReference section */

/* Begin PBXFrameworksBuildPhase section */
		9AE20E8A2C01A02D0002FDAC /* Frameworks */ = {
			isa = PBXFrameworksBuildPhase;
			buildActionMask = 2147483647;
			files = (
			);
			runOnlyForDeploymentPostprocessing = 0;
		};
		9AE20E9A2C01A02F0002FDAC /* Frameworks */ = {
			isa = PBXFrameworksBuildPhase;
			buildActionMask = 2147483647;
			files = (
			);
			runOnlyForDeploymentPostprocessing = 0;
		};
		9AE20EA42C01A02F0002FDAC /* Frameworks */ = {
			isa = PBXFrameworksBuildPhase;
			buildActionMask = 2147483647;
			files = (
			);
			runOnlyForDeploymentPostprocessing = 0;
		};
/* End PBXFrameworksBuildPhase section */

/* Begin PBXGroup section */
		9AE20E842C01A02D0002FDAC = {
			isa = PBXGroup;
			children = (
				9AE20E8F2C01A02D0002FDAC /* CalculatorApp */,
				9AE20EA02C01A02F0002FDAC /* CalculatorAppTests */,
				9AE20EAA2C01A02F0002FDAC /* CalculatorAppUITests */,
				9AE20E8E2C01A02D0002FDAC /* Products */,
			);
			sourceTree = "<group>";
		};
		9AE20E8E2C01A02D0002FDAC /* Products */ = {
			isa = PBXGroup;
			children = (
				9AE20E8D2C01A02D0002FDAC /* CalculatorApp.app */,
				9AE20E9D2C01A02F0002FDAC /* CalculatorAppTests.xctest */,
				9AE20EA72C01A02F0002FDAC /* CalculatorAppUITests.xctest */,
			);
			name = Products;
			sourceTree = "<group>";
		};
		9AE20E8F2C01A02D0002FDAC /* CalculatorApp */ = {
			isa = PBXGroup;
			children = (
				9AE20E902C01A02D0002FDAC /* CalculatorAppApp.swift */,
				9AE20E922C01A02D0002FDAC /* ContentView.swift */,
				9AE20E942C01A02E0002FDAC /* Assets.xcassets */,
				9AE20E962C01A02E0002FDAC /* Preview Content */,
			);
			path = CalculatorApp;
			sourceTree = "<group>";
		};
		9AE20E962C01A02E0002FDAC /* Preview Content */ = {
			isa = PBXGroup;
			children = (
				9AE20E972C01A02E0002FDAC /* Preview Assets.xcassets */,
			);
			path = "Preview Content";
			sourceTree = "<group>";
		};
		9AE20EA02C01A02F0002FDAC /* CalculatorAppTests */ = {
			isa = PBXGroup;
			children = (
				9AE20EA12C01A02F0002FDAC /* CalculatorAppTests.swift */,
			);
			path = CalculatorAppTests;
			sourceTree = "<group>";
		};
		9AE20EAA2C01A02F0002FDAC /* CalculatorAppUITests */ = {
			isa = PBXGroup;
			children = (
				9AE20EAB2C01A02F0002FDAC /* CalculatorAppUITests.swift */,
				9AE20EAD2C01A02F0002FDAC /* CalculatorAppUITestsLaunchTests.swift */,
			);
			path = CalculatorAppUITests;
			sourceTree = "<group>";
		};
/* End PBXGroup section */

/* Begin PBXNativeTarget section */
		9AE20E8C2C01A02D0002FDAC /* CalculatorApp */ = {
			isa = PBXNativeTarget;
			buildConfigurationList = 9AE20EB12C01A02F0002FDAC /* Build configuration list for PBXNativeTarget "CalculatorApp" */;
			buildPhases = (
				9AE20E892C01A02D0002FDAC /* Sources */,
				9AE20E8A2C01A02D0002FDAC /* Frameworks */,
				9AE20E8B2C01A02D0002FDAC /* Resources */,
			);
			buildRules = (
			);
			dependencies = (
			);
			name = CalculatorApp;
			productName = CalculatorApp;
			productReference = 9AE20E8D2C01A02D0002FDAC /* CalculatorApp.app */;
			productType = "com.apple.product-type.application";
		};
		9AE20E9C2C01A02F0002FDAC /* CalculatorAppTests */ = {
			isa = PBXNativeTarget;
			buildConfigurationList = 9AE20EB42C01A02F0002FDAC /* Build configuration list for PBXNativeTarget "CalculatorAppTests" */;
			buildPhases = (
				9AE20E992C01A02F0002FDAC /* Sources */,
				9AE20E9A2C01A02F0002FDAC /* Frameworks */,
				9AE20E9B2C01A02F0002FDAC /* Resources */,
			);
			buildRules = (
			);
			dependencies = (
				9AE20E9F2C01A02F0002FDAC /* PBXTargetDependency */,
			);
			name = CalculatorAppTests;
			productName = CalculatorAppTests;
			productReference = 9AE20E9D2C01A02F0002FDAC /* CalculatorAppTests.xctest */;
			productType = "com.apple.product-type.bundle.unit-test";
		};
		9AE20EA62C01A02F0002FDAC /* CalculatorAppUITests */ = {
			isa = PBXNativeTarget;
			buildConfigurationList = 9AE20EB72C01A02F0002FDAC /* Build configuration list for PBXNativeTarget "CalculatorAppUITests" */;
			buildPhases = (
				9AE20EA32C01A02F0002FDAC /* Sources */,
				9AE20EA42C01A02F0002FDAC /* Frameworks */,
				9AE20EA52C01A02F0002FDAC /* Resources */,
			);
			buildRules = (
			);
			dependencies = (
				9AE20EA92C01A02F0002FDAC /* PBXTargetDependency */,
			);
			name = CalculatorAppUITests;
			productName = CalculatorAppUITests;
			productReference = 9AE20EA72C01A02F0002FDAC /* CalculatorAppUITests.xctest */;
			productType = "com.apple.product-type.bundle.ui-testing";
		};
/* End PBXNativeTarget section */

/* Begin PBXProject section */
		9AE20E852C01A02D0002FDAC /* Project object */ = {
			isa = PBXProject;
			attributes = {
				BuildIndependentTargetsInParallel = 1;
				LastSwiftUpdateCheck = 1530;
				LastUpgradeCheck = 1530;
				TargetAttributes = {
					9AE20E8C2C01A02D0002FDAC = {
						CreatedOnToolsVersion = 15.3;
					};
					9AE20E9C2C01A02F0002FDAC = {
						CreatedOnToolsVersion = 15.3;
						TestTargetID = 9AE20E8C2C01A02D0002FDAC;
					};
					9AE20EA62C01A02F0002FDAC = {
						CreatedOnToolsVersion = 15.3;
						TestTargetID = 9AE20E8C2C01A02D0002FDAC;
					};
				};
			};
			buildConfigurationList = 9AE20E882C01A02D0002FDAC /* Build configuration list for PBXProject "CalculatorApp" */;
			compatibilityVersion = "Xcode 14.0";
			developmentRegion = en;
			hasScannedForEncodings = 0;
			knownRegions = (
				en,
				Base,
			);
			mainGroup = 9AE20E842C01A02D0002FDAC;
			productRefGroup = 9AE20E8E2C01A02D0002FDAC /* Products */;
			projectDirPath = "";
			projectRoot = "";
			targets = (
				9AE20E8C2C01A02D0002FDAC /* CalculatorApp */,
				9AE20E9C2C01A02F0002FDAC /* CalculatorAppTests */,
				9AE20EA62C01A02F0002FDAC /* CalculatorAppUITests */,
			);
		};
/* End PBXProject section */

/* Begin PBXResourcesBuildPhase section */
		9AE20E8B2C01A02D0002FDAC /* Resources */ = {
			isa = PBXResourcesBuildPhase;
			buildActionMask = 2147483647;
			files = (
				9AE20E982C01A02E0002FDAC /* Preview Assets.xcassets in Resources */,
				9AE20E952C01A02E0002FDAC /* Assets.xcassets in Resources */,
			);
			runOnlyForDeploymentPostprocessing = 0;
		};
		9AE20E9B2C01A02F0002FDAC /* Resources */ = {
			isa = PBXResourcesBuildPhase;
			buildActionMask = 2147483647;
			files = (
			);
			runOnlyForDeploymentPostprocessing = 0;
		};
		9AE20EA52C01A02F0002FDAC /* Resources */ = {
			isa = PBXResourcesBuildPhase;
			buildActionMask = 2147483647;
			files = (
			);
			runOnlyForDeploymentPostprocessing = 0;
		};
/* End PBXResourcesBuildPhase section */

/* Begin PBXSourcesBuildPhase section */
		9AE20E892C01A02D0002FDAC /* Sources */ = {
			isa = PBXSourcesBuildPhase;
			buildActionMask = 2147483647;
			files = (
				9AE20E932C01A02D0002FDAC /* ContentView.swift in Sources */,
				9AE20E912C01A02D0002FDAC /* CalculatorAppApp.swift in Sources */,
			);
			runOnlyForDeploymentPostprocessing = 0;
		};
		9AE20E992C01A02F0002FDAC /* Sources */ = {
			isa = PBXSourcesBuildPhase;
			buildActionMask = 2147483647;
			files = (
				9AE20EA22C01A02F0002FDAC /* CalculatorAppTests.swift in Sources */,
			);
			runOnlyForDeploymentPostprocessing = 0;
		};
		9AE20EA32C01A02F0002FDAC /* Sources */ = {
			isa = PBXSourcesBuildPhase;
			buildActionMask = 2147483647;
			files = (
				9AE20EAE2C01A02F0002FDAC /* CalculatorAppUITestsLaunchTests.swift in Sources */,
				9AE20EAC2C01A02F0002FDAC /* CalculatorAppUITests.swift in Sources */,
			);
			runOnlyForDeploymentPostprocessing = 0;
		};
/* End PBXSourcesBuildPhase section */

/* Begin PBXTargetDependency section */
		9AE20E9F2C01A02F0002FDAC /* PBXTargetDependency */ = {
			isa = PBXTargetDependency;
			target = 9AE20E8C2C01A02D0002FDAC /* CalculatorApp */;
			targetProxy = 9AE20E9E2C01A02F0002FDAC /* PBXContainerItemProxy */;
		};
		9AE20EA92C01A02F0002FDAC /* PBXTargetDependency */ = {
			isa = PBXTargetDependency;
			target = 9AE20E8C2C01A02D0002FDAC /* CalculatorApp */;
			targetProxy = 9AE20EA82C01A02F0002FDAC /* PBXContainerItemProxy */;
		};
/* End PBXTargetDependency section */

/* Begin XCBuildConfiguration section */
		9AE20EAF2C01A02F0002FDAC /* Debug */ = {
			isa = XCBuildConfiguration;
			buildSettings = {
				ALWAYS_SEARCH_USER_PATHS = NO;
				ASSETCATALOG_COMPILER_GENERATE_SWIFT_ASSET_SYMBOL_EXTENSIONS = YES;
				CLANG_ANALYZER_NONNULL = YES;
				CLANG_ANALYZER_NUMBER_OBJECT_CONVERSION = YES_AGGRESSIVE;
				CLANG_CXX_LANGUAGE_STANDARD = "gnu++20";
				CLANG_ENABLE_MODULES = YES;
				CLANG_ENABLE_OBJC_ARC = YES;
				CLANG_ENABLE_OBJC_WEAK = YES;
				CLANG_WARN_BLOCK_CAPTURE_AUTORELEASING = YES;
				CLANG_WARN_BOOL_CONVERSION = YES;
				CLANG_WARN_COMMA = YES;
				CLANG_WARN_CONSTANT_CONVERSION = YES;
				CLANG_WARN_DEPRECATED_OBJC_IMPLEMENTATIONS = YES;
				CLANG_WARN_DIRECT_OBJC_ISA_USAGE = YES_ERROR;
				CLANG_WARN_DOCUMENTATION_COMMENTS = YES;
				CLANG_WARN_EMPTY_BODY = YES;
				CLANG_WARN_ENUM_CONVERSION = YES;
				CLANG_WARN_INFINITE_RECURSION = YES;
				CLANG_WARN_INT_CONVERSION = YES;
				CLANG_WARN_NON_LITERAL_NULL_CONVERSION = YES;
				CLANG_WARN_OBJC_IMPLICIT_RETAIN_SELF = YES;
				CLANG_WARN_OBJC_LITERAL_CONVERSION = YES;
				CLANG_WARN_OBJC_ROOT_CLASS = YES_ERROR;
				CLANG_WARN_QUOTED_INCLUDE_IN_FRAMEWORK_HEADER = YES;
				CLANG_WARN_RANGE_LOOP_ANALYSIS = YES;
				CLANG_WARN_STRICT_PROTOTYPES = YES;
				CLANG_WARN_SUSPICIOUS_MOVE = YES;
				CLANG_WARN_UNGUARDED_AVAILABILITY = YES_AGGRESSIVE;
				CLANG_WARN_UNREACHABLE_CODE = YES;
				CLANG_WARN__DUPLICATE_METHOD_MATCH = YES;
				COPY_PHASE_STRIP = NO;
				DEBUG_INFORMATION_FORMAT = dwarf;
				ENABLE_STRICT_OBJC_MSGSEND = YES;
				ENABLE_TESTABILITY = YES;
				ENABLE_USER_SCRIPT_SANDBOXING = YES;
				GCC_C_LANGUAGE_STANDARD = gnu17;
				GCC_DYNAMIC_NO_PIC = NO;
				GCC_NO_COMMON_BLOCKS = YES;
				GCC_OPTIMIZATION_LEVEL = 0;
				GCC_PREPROCESSOR_DEFINITIONS = (
					"DEBUG=1",
					"$(inherited)",
				);
				GCC_WARN_64_TO_32_BIT_CONVERSION = YES;
				GCC_WARN_ABOUT_RETURN_TYPE = YES_ERROR;
				GCC_WARN_UNDECLARED_SELECTOR = YES;
				GCC_WARN_UNINITIALIZED_AUTOS = YES_AGGRESSIVE;
				GCC_WARN_UNUSED_FUNCTION = YES;
				GCC_WARN_UNUSED_VARIABLE = YES;
				IPHONEOS_DEPLOYMENT_TARGET = 17.4;
				LOCALIZATION_PREFERS_STRING_CATALOGS = YES;
				MTL_ENABLE_DEBUG_INFO = INCLUDE_SOURCE;
				MTL_FAST_MATH = YES;
				ONLY_ACTIVE_ARCH = YES;
				SDKROOT = iphoneos;
				SWIFT_ACTIVE_COMPILATION_CONDITIONS = "DEBUG $(inherited)";
				SWIFT_OPTIMIZATION_LEVEL = "-Onone";
			};
			name = Debug;
		};
		9AE20EB02C01A02F0002FDAC /* Release */ = {
			isa = XCBuildConfiguration;
			buildSettings = {
				ALWAYS_SEARCH_USER_PATHS = NO;
				ASSETCATALOG_COMPILER_GENERATE_SWIFT_ASSET_SYMBOL_EXTENSIONS = YES;
				CLANG_ANALYZER_NONNULL = YES;
				CLANG_ANALYZER_NUMBER_OBJECT_CONVERSION = YES_AGGRESSIVE;
				CLANG_CXX_LANGUAGE_STANDARD = "gnu++20";
				CLANG_ENABLE_MODULES = YES;
				CLANG_ENABLE_OBJC_ARC = YES;
				CLANG_ENABLE_OBJC_WEAK = YES;
				CLANG_WARN_BLOCK_CAPTURE_AUTORELEASING = YES;
				CLANG_WARN_BOOL_CONVERSION = YES;
				CLANG_WARN_COMMA = YES;
				CLANG_WARN_CONSTANT_CONVERSION = YES;
				CLANG_WARN_DEPRECATED_OBJC_IMPLEMENTATIONS = YES;
				CLANG_WARN_DIRECT_OBJC_ISA_USAGE = YES_ERROR;
				CLANG_WARN_DOCUMENTATION_COMMENTS = YES;
				CLANG_WARN_EMPTY_BODY = YES;
				CLANG_WARN_ENUM_CONVERSION = YES;
				CLANG_WARN_INFINITE_RECURSION = YES;
				CLANG_WARN_INT_CONVERSION = YES;
				CLANG_WARN_NON_LITERAL_NULL_CONVERSION = YES;
				CLANG_WARN_OBJC_IMPLICIT_RETAIN_SELF = YES;
				CLANG_WARN_OBJC_LITERAL_CONVERSION = YES;
				CLANG_WARN_OBJC_ROOT_CLASS = YES_ERROR;
				CLANG_WARN_QUOTED_INCLUDE_IN_FRAMEWORK_HEADER = YES;
				CLANG_WARN_RANGE_LOOP_ANALYSIS = YES;
				CLANG_WARN_STRICT_PROTOTYPES = YES;
				CLANG_WARN_SUSPICIOUS_MOVE = YES;
				CLANG_WARN_UNGUARDED_AVAILABILITY = YES_AGGRESSIVE;
				CLANG_WARN_UNREACHABLE_CODE = YES;
				CLANG_WARN__DUPLICATE_METHOD_MATCH = YES;
				COPY_PHASE_STRIP = NO;
				DEBUG_INFORMATION_FORMAT = "dwarf-with-dsym";
				ENABLE_NS_ASSERTIONS = NO;
				ENABLE_STRICT_OBJC_MSGSEND = YES;
				ENABLE_USER_SCRIPT_SANDBOXING = YES;
				GCC_C_LANGUAGE_STANDARD = gnu17;
				GCC_NO_COMMON_BLOCKS = YES;
				GCC_WARN_64_TO_32_BIT_CONVERSION = YES;
				GCC_WARN_ABOUT_RETURN_TYPE = YES_ERROR;
				GCC_WARN_UNDECLARED_SELECTOR = YES;
				GCC_WARN_UNINITIALIZED_AUTOS = YES_AGGRESSIVE;
				GCC_WARN_UNUSED_FUNCTION = YES;
				GCC_WARN_UNUSED_VARIABLE = YES;
				IPHONEOS_DEPLOYMENT_TARGET = 17.4;
				LOCALIZATION_PREFERS_STRING_CATALOGS = YES;
				MTL_ENABLE_DEBUG_INFO = NO;
				MTL_FAST_MATH = YES;
				SDKROOT = iphoneos;
				SWIFT_COMPILATION_MODE = wholemodule;
				VALIDATE_PRODUCT = YES;
			};
			name = Release;
		};
		9AE20EB22C01A02F0002FDAC /* Debug */ = {
			isa = XCBuildConfiguration;
			buildSettings = {
				ASSETCATALOG_COMPILER_APPICON_NAME = AppIcon;
				ASSETCATALOG_COMPILER_GLOBAL_ACCENT_COLOR_NAME = AccentColor;
				CODE_SIGN_STYLE = Automatic;
				CURRENT_PROJECT_VERSION = 1;
				DEVELOPMENT_ASSET_PATHS = "\"CalculatorApp/Preview Content\"";
				ENABLE_PREVIEWS = YES;
				GENERATE_INFOPLIST_FILE = YES;
				INFOPLIST_KEY_UIApplicationSceneManifest_Generation = YES;
				INFOPLIST_KEY_UIApplicationSupportsIndirectInputEvents = YES;
				INFOPLIST_KEY_UILaunchScreen_Generation = YES;
				INFOPLIST_KEY_UISupportedInterfaceOrientations_iPad = "UIInterfaceOrientationPortrait UIInterfaceOrientationPortraitUpsideDown UIInterfaceOrientationLandscapeLeft UIInterfaceOrientationLandscapeRight";
				INFOPLIST_KEY_UISupportedInterfaceOrientations_iPhone = "UIInterfaceOrientationPortrait UIInterfaceOrientationLandscapeLeft UIInterfaceOrientationLandscapeRight";
				LD_RUNPATH_SEARCH_PATHS = (
					"$(inherited)",
					"@executable_path/Frameworks",
				);
				MARKETING_VERSION = 1.0;
				PRODUCT_BUNDLE_IDENTIFIER = com.myname.CalculatorApp;
				PRODUCT_NAME = "$(TARGET_NAME)";
				SWIFT_EMIT_LOC_STRINGS = YES;
				SWIFT_VERSION = 5.0;
				TARGETED_DEVICE_FAMILY = "1,2";
			};
			name = Debug;
		};
		9AE20EB32C01A02F0002FDAC /* Release */ = {
			isa = XCBuildConfiguration;
			buildSettings = {
				ASSETCATALOG_COMPILER_APPICON_NAME = AppIcon;
				ASSETCATALOG_COMPILER_GLOBAL_ACCENT_COLOR_NAME = AccentColor;
				CODE_SIGN_STYLE = Automatic;
				CURRENT_PROJECT_VERSION = 1;
				DEVELOPMENT_ASSET_PATHS = "\"CalculatorApp/Preview Content\"";
				ENABLE_PREVIEWS = YES;
				GENERATE_INFOPLIST_FILE = YES;
				INFOPLIST_KEY_UIApplicationSceneManifest_Generation = YES;
				INFOPLIST_KEY_UIApplicationSupportsIndirectInputEvents = YES;
				INFOPLIST_KEY_UILaunchScreen_Generation = YES;
				INFOPLIST_KEY_UISupportedInterfaceOrientations_iPad = "UIInterfaceOrientationPortrait UIInterfaceOrientationPortraitUpsideDown UIInterfaceOrientationLandscapeLeft UIInterfaceOrientationLandscapeRight";
				INFOPLIST_KEY_UISupportedInterfaceOrientations_iPhone = "UIInterfaceOrientationPortrait UIInterfaceOrientationLandscapeLeft UIInterfaceOrientationLandscapeRight";
				LD_RUNPATH_SEARCH_PATHS = (
					"$(inherited)",
					"@executable_path/Frameworks",
				);
				MARKETING_VERSION = 1.0;
				PRODUCT_BUNDLE_IDENTIFIER = com.myname.CalculatorApp;
				PRODUCT_NAME = "$(TARGET_NAME)";
				SWIFT_EMIT_LOC_STRINGS = YES;
				SWIFT_VERSION = 5.0;
				TARGETED_DEVICE_FAMILY = "1,2";
			};
			name = Release;
		};
		9AE20EB52C01A02F0002FDAC /* Debug */ = {
			isa = XCBuildConfiguration;
			buildSettings = {
				ALWAYS_EMBED_SWIFT_STANDARD_LIBRARIES = YES;
				BUNDLE_LOADER = "$(TEST_HOST)";
				CODE_SIGN_STYLE = Automatic;
				CURRENT_PROJECT_VERSION = 1;
				GENERATE_INFOPLIST_FILE = YES;
				IPHONEOS_DEPLOYMENT_TARGET = 17.4;
				MARKETING_VERSION = 1.0;
				PRODUCT_BUNDLE_IDENTIFIER = com.myname.CalculatorAppTests;
				PRODUCT_NAME = "$(TARGET_NAME)";
				SWIFT_EMIT_LOC_STRINGS = NO;
				SWIFT_VERSION = 5.0;
				TARGETED_DEVICE_FAMILY = "1,2";
				TEST_HOST = "$(BUILT_PRODUCTS_DIR)/CalculatorApp.app/$(BUNDLE_EXECUTABLE_FOLDER_PATH)/CalculatorApp";
			};
			name = Debug;
		};
		9AE20EB62C01A02F0002FDAC /* Release */ = {
			isa = XCBuildConfiguration;
			buildSettings = {
				ALWAYS_EMBED_SWIFT_STANDARD_LIBRARIES = YES;
				BUNDLE_LOADER = "$(TEST_HOST)";
				CODE_SIGN_STYLE = Automatic;
				CURRENT_PROJECT_VERSION = 1;
				GENERATE_INFOPLIST_FILE = YES;
				IPHONEOS_DEPLOYMENT_TARGET = 17.4;
				MARKETING_VERSION = 1.0;
				PRODUCT_BUNDLE_IDENTIFIER = com.myname.CalculatorAppTests;
				PRODUCT_NAME = "$(TARGET_NAME)";
				SWIFT_EMIT_LOC_STRINGS = NO;
				SWIFT_VERSION = 5.0;
				TARGETED_DEVICE_FAMILY = "1,2";
				TEST_HOST = "$(BUILT_PRODUCTS_DIR)/CalculatorApp.app/$(BUNDLE_EXECUTABLE_FOLDER_PATH)/CalculatorApp";
			};
			name = Release;
		};
		9AE20EB82C01A02F0002FDAC /* Debug */ = {
			isa = XCBuildConfiguration;
			buildSettings = {
				ALWAYS_EMBED_SWIFT_STANDARD_LIBRARIES = YES;
				CODE_SIGN_STYLE = Automatic;
				CURRENT_PROJECT_VERSION = 1;
				GENERATE_INFOPLIST_FILE = YES;
				MARKETING_VERSION = 1.0;
				PRODUCT_BUNDLE_IDENTIFIER = com.myname.CalculatorAppUITests;
				PRODUCT_NAME = "$(TARGET_NAME)";
				SWIFT_EMIT_LOC_STRINGS = NO;
				SWIFT_VERSION = 5.0;
				TARGETED_DEVICE_FAMILY = "1,2";
				TEST_TARGET_NAME = CalculatorApp;
			};
			name = Debug;
		};
		9AE20EB92C01A02F0002FDAC /* Release */ = {
			isa = XCBuildConfiguration;
			buildSettings = {
				ALWAYS_EMBED_SWIFT_STANDARD_LIBRARIES = YES;
				CODE_SIGN_STYLE = Automatic;
				CURRENT_PROJECT_VERSION = 1;
				GENERATE_INFOPLIST_FILE = YES;
				MARKETING_VERSION = 1.0;
				PRODUCT_BUNDLE_IDENTIFIER = com.myname.CalculatorAppUITests;
				PRODUCT_NAME = "$(TARGET_NAME)";
				SWIFT_EMIT_LOC_STRINGS = NO;
				SWIFT_VERSION = 5.0;
				TARGETED_DEVICE_FAMILY = "1,2";
				TEST_TARGET_NAME = CalculatorApp;
			};
			name = Release;
		};
/* End XCBuildConfiguration section */

/* Begin XCConfigurationList section */
		9AE20E882C01A02D0002FDAC /* Build configuration list for PBXProject "CalculatorApp" */ = {
			isa = XCConfigurationList;
			buildConfigurations = (
				9AE20EAF2C01A02F0002FDAC /* Debug */,
				9AE20EB02C01A02F0002FDAC /* Release */,
			);
			defaultConfigurationIsVisible = 0;
			defaultConfigurationName = Release;
		};
		9AE20EB12C01A02F0002FDAC /* Build configuration list for PBXNativeTarget "CalculatorApp" */ = {
			isa = XCConfigurationList;
			buildConfigurations = (
				9AE20EB22C01A02F0002FDAC /* Debug */,
				9AE20EB32C01A02F0002FDAC /* Release */,
			);
			defaultConfigurationIsVisible = 0;
			defaultConfigurationName = Release;
		};
		9AE20EB42C01A02F0002FDAC /* Build configuration list for PBXNativeTarget "CalculatorAppTests" */ = {
			isa = XCConfigurationList;
			buildConfigurations = (
				9AE20EB52C01A02F0002FDAC /* Debug */,
				9AE20EB62C01A02F0002FDAC /* Release */,
			);
			defaultConfigurationIsVisible = 0;
			defaultConfigurationName = Release;
		};
		9AE20EB72C01A02F0002FDAC /* Build configuration list for PBXNativeTarget "CalculatorAppUITests" */ = {
			isa = XCConfigurationList;
			buildConfigurations = (
				9AE20EB82C01A02F0002FDAC /* Debug */,
				9AE20EB92C01A02F0002FDAC /* Release */,
			);
			defaultConfigurationIsVisible = 0;
			defaultConfigurationName = Release;
		};
/* End XCConfigurationList section */
	};
	rootObject = 9AE20E852C01A02D0002FDAC /* Project object */;
}
